
Microsoft Visual Studio Solution File, Format Version 12.00
# Visual Studio Version 17
VisualStudioVersion = 17.8.34330.188
MinimumVisualStudioVersion = 10.0.40219.1
Project("{FAE04EC0-301F-11D3-BF4B-00C04F79EFBC}") = "WPFVotingManager", "WPFVotingManager\WPFVotingManager.csproj", "{05CDEF82-7C14-44AF-96CC-E522B72A17E4}"
EndProject
Global
	GlobalSection(SolutionConfigurationPlatforms) = preSolution
		Debug|Any CPU = Debug|Any CPU
		Release|Any CPU = Release|Any CPU
	EndGlobalSection
	GlobalSection(ProjectConfigurationPlatforms) = postSolution
		{05CDEF82-7C14-44AF-96CC-E522B72A17E4}.Debug|Any CPU.ActiveCfg = Debug|Any CPU
		{05CDEF82-7C14-44AF-96CC-E522B72A17E4}.Debug|Any CPU.Build.0 = Debug|Any CPU
		{05CDEF82-7C14-44AF-96CC-E522B72A17E4}.Release|Any CPU.ActiveCfg = Release|Any CPU
		{05CDEF82-7C14-44AF-96CC-E522B72A17E4}.Release|Any CPU.Build.0 = Release|Any CPU
	EndGlobalSection
	GlobalSection(SolutionProperties) = preSolution
		HideSolutionNode = FALSE
	EndGlobalSection
	GlobalSection(ExtensibilityGlobals) = postSolution
		SolutionGuid = {8E2E212B-9425-4C0C-ACC8-DEF679028E56}
	EndGlobalSection
EndGlobal
